
Microsoft Visual Studio Solution File, Format Version 12.00
# Visual Studio Version 17
VisualStudioVersion = 17.8.34525.116
MinimumVisualStudioVersion = 10.0.40219.1
Project("{9A19103F-16F7-4668-BE54-9A1E7A4F7556}") = "GuardianCyberStore", "GuardianCyberStore.csproj", "{33BE5EB3-EECA-4977-BEDF-AFE6D453701A}"
EndProject
Global
	GlobalSection(SolutionConfigurationPlatforms) = preSolution
		Debug|Any CPU = Debug|Any CPU
		Release|Any CPU = Release|Any CPU
	EndGlobalSection
	GlobalSection(ProjectConfigurationPlatforms) = postSolution
		{33BE5EB3-EECA-4977-BEDF-AFE6D453701A}.Debug|Any CPU.ActiveCfg = Debug|Any CPU
		{33BE5EB3-EECA-4977-BEDF-AFE6D453701A}.Debug|Any CPU.Build.0 = Debug|Any CPU
		{33BE5EB3-EECA-4977-BEDF-AFE6D453701A}.Release|Any CPU.ActiveCfg = Release|Any CPU
		{33BE5EB3-EECA-4977-BEDF-AFE6D453701A}.Release|Any CPU.Build.0 = Release|Any CPU
	EndGlobalSection
	GlobalSection(SolutionProperties) = preSolution
		HideSolutionNode = FALSE
	EndGlobalSection
	GlobalSection(ExtensibilityGlobals) = postSolution
		SolutionGuid = {3A4B49C4-3A74-422F-9940-F74783F40EF0}
	EndGlobalSection
EndGlobal
